// !$*UTF8*$!
{
	archiveVersion = 1;
	classes = {
	};
	objectVersion = 51;
	objects = {

/* Begin PBXBuildFile section */
		0DAD3F3D44048BA987C7443B /* Pods_CurrencyExchangeApp.framework in Frameworks */ = {isa = PBXBuildFile; fileRef = D7DC9A59398715106412BC2A /* Pods_CurrencyExchangeApp.framework */; };
		55D3D69C271F61B60012EF46 /* AppDelegate.swift in Sources */ = {isa = PBXBuildFile; fileRef = 55D3D69B271F61B60012EF46 /* AppDelegate.swift */; };
		55D3D69E271F61B60012EF46 /* SceneDelegate.swift in Sources */ = {isa = PBXBuildFile; fileRef = 55D3D69D271F61B60012EF46 /* SceneDelegate.swift */; };
		55D3D6A0271F61B60012EF46 /* ViewController.swift in Sources */ = {isa = PBXBuildFile; fileRef = 55D3D69F271F61B60012EF46 /* ViewController.swift */; };
		55D3D6A3271F61B60012EF46 /* Main.storyboard in Resources */ = {isa = PBXBuildFile; fileRef = 55D3D6A1271F61B60012EF46 /* Main.storyboard */; };
		55D3D6A5271F61B90012EF46 /* Assets.xcassets in Resources */ = {isa = PBXBuildFile; fileRef = 55D3D6A4271F61B90012EF46 /* Assets.xcassets */; };
		55D3D6A8271F61B90012EF46 /* LaunchScreen.storyboard in Resources */ = {isa = PBXBuildFile; fileRef = 55D3D6A6271F61B90012EF46 /* LaunchScreen.storyboard */; };
/* End PBXBuildFile section */

/* Begin PBXFileReference section */
		55D3D698271F61B60012EF46 /* CurrencyExchangeApp.app */ = {isa = PBXFileReference; explicitFileType = wrapper.application; includeInIndex = 0; path = CurrencyExchangeApp.app; sourceTree = BUILT_PRODUCTS_DIR; };
		55D3D69B271F61B60012EF46 /* AppDelegate.swift */ = {isa = PBXFileReference; lastKnownFileType = sourcecode.swift; path = AppDelegate.swift; sourceTree = "<group>"; };
		55D3D69D271F61B60012EF46 /* SceneDelegate.swift */ = {isa = PBXFileReference; lastKnownFileType = sourcecode.swift; path = SceneDelegate.swift; sourceTree = "<group>"; };
		55D3D69F271F61B60012EF46 /* ViewController.swift */ = {isa = PBXFileReference; lastKnownFileType = sourcecode.swift; path = ViewController.swift; sourceTree = "<group>"; };
		55D3D6A2271F61B60012EF46 /* Base */ = {isa = PBXFileReference; lastKnownFileType = file.storyboard; name = Base; path = Base.lproj/Main.storyboard; sourceTree = "<group>"; };
		55D3D6A4271F61B90012EF46 /* Assets.xcassets */ = {isa = PBXFileReference; lastKnownFileType = folder.assetcatalog; path = Assets.xcassets; sourceTree = "<group>"; };
		55D3D6A7271F61B90012EF46 /* Base */ = {isa = PBXFileReference; lastKnownFileType = file.storyboard; name = Base; path = Base.lproj/LaunchScreen.storyboard; sourceTree = "<group>"; };
		55D3D6A9271F61B90012EF46 /* Info.plist */ = {isa = PBXFileReference; lastKnownFileType = text.plist.xml; path = Info.plist; sourceTree = "<group>"; };
		55F82653272397F8009E47B5 /* Config.xcconfig */ = {isa = PBXFileReference; lastKnownFileType = text.xcconfig; name = Config.xcconfig; path = ../../../../../stella/Desktop/Fall2021Smartphone/CurrencyExchangeApp/CurrencyExchangeApp/Config.xcconfig; sourceTree = "<group>"; };
		AF2260D85DFAE6175A981C31 /* Pods-CurrencyExchangeApp.debug.xcconfig */ = {isa = PBXFileReference; includeInIndex = 1; lastKnownFileType = text.xcconfig; name = "Pods-CurrencyExchangeApp.debug.xcconfig"; path = "Target Support Files/Pods-CurrencyExchangeApp/Pods-CurrencyExchangeApp.debug.xcconfig"; sourceTree = "<group>"; };
		C4828F6D583823F5E96DB90C /* Pods-CurrencyExchangeApp.release.xcconfig */ = {isa = PBXFileReference; includeInIndex = 1; lastKnownFileType = text.xcconfig; name = "Pods-CurrencyExchangeApp.release.xcconfig"; path = "Target Support Files/Pods-CurrencyExchangeApp/Pods-CurrencyExchangeApp.release.xcconfig"; sourceTree = "<group>"; };
		D7DC9A59398715106412BC2A /* Pods_CurrencyExchangeApp.framework */ = {isa = PBXFileReference; explicitFileType = wrapper.framework; includeInIndex = 0; path = Pods_CurrencyExchangeApp.framework; sourceTree = BUILT_PRODUCTS_DIR; };
/* End PBXFileReference section */

/* Begin PBXFrameworksBuildPhase section */
		55D3D695271F61B60012EF46 /* Frameworks */ = {
			isa = PBXFrameworksBuildPhase;
			buildActionMask = 2147483647;
			files = (
				0DAD3F3D44048BA987C7443B /* Pods_CurrencyExchangeApp.framework in Frameworks */,
			);
			runOnlyForDeploymentPostprocessing = 0;
		};
/* End PBXFrameworksBuildPhase section */

/* Begin PBXGroup section */
		352F78510EAA5E11A169B523 /* Pods */ = {
			isa = PBXGroup;
			children = (
				AF2260D85DFAE6175A981C31 /* Pods-CurrencyExchangeApp.debug.xcconfig */,
				C4828F6D583823F5E96DB90C /* Pods-CurrencyExchangeApp.release.xcconfig */,
			);
			path = Pods;
			sourceTree = "<group>";
		};
		4F94E7BE58FCEA9AC679D982 /* Frameworks */ = {
			isa = PBXGroup;
			children = (
				D7DC9A59398715106412BC2A /* Pods_CurrencyExchangeApp.framework */,
			);
			name = Frameworks;
			sourceTree = "<group>";
		};
		55D3D68F271F61B60012EF46 = {
			isa = PBXGroup;
			children = (
				55D3D69A271F61B60012EF46 /* CurrencyExchangeApp */,
				55D3D699271F61B60012EF46 /* Products */,
				352F78510EAA5E11A169B523 /* Pods */,
				4F94E7BE58FCEA9AC679D982 /* Frameworks */,
			);
			sourceTree = "<group>";
		};
		55D3D699271F61B60012EF46 /* Products */ = {
			isa = PBXGroup;
			children = (
				55D3D698271F61B60012EF46 /* CurrencyExchangeApp.app */,
			);
			name = Products;
			sourceTree = "<group>";
		};
		55D3D69A271F61B60012EF46 /* CurrencyExchangeApp */ = {
			isa = PBXGroup;
			children = (
				55D3D69B271F61B60012EF46 /* AppDelegate.swift */,
				55D3D69D271F61B60012EF46 /* SceneDelegate.swift */,
				55D3D69F271F61B60012EF46 /* ViewController.swift */,
				55D3D6A1271F61B60012EF46 /* Main.storyboard */,
				55D3D6A4271F61B90012EF46 /* Assets.xcassets */,
				55D3D6A6271F61B90012EF46 /* LaunchScreen.storyboard */,
				55D3D6A9271F61B90012EF46 /* Info.plist */,
				55F82653272397F8009E47B5 /* Config.xcconfig */,
			);
			path = CurrencyExchangeApp;
			sourceTree = "<group>";
		};
/* End PBXGroup section */

/* Begin PBXNativeTarget section */
		55D3D697271F61B60012EF46 /* CurrencyExchangeApp */ = {
			isa = PBXNativeTarget;
			buildConfigurationList = 55D3D6AC271F61B90012EF46 /* Build configuration list for PBXNativeTarget "CurrencyExchangeApp" */;
			buildPhases = (
				ADC6E9930A428142E3BA7D8F /* [CP] Check Pods Manifest.lock */,
				55D3D694271F61B60012EF46 /* Sources */,
				55D3D695271F61B60012EF46 /* Frameworks */,
				55D3D696271F61B60012EF46 /* Resources */,
				B5AFFCB99D076015744AB6A3 /* [CP] Embed Pods Frameworks */,
			);
			buildRules = (
			);
			dependencies = (
			);
			name = CurrencyExchangeApp;
			productName = CurrencyExchangeApp;
			productReference = 55D3D698271F61B60012EF46 /* CurrencyExchangeApp.app */;
			productType = "com.apple.product-type.application";
		};
/* End PBXNativeTarget section */

/* Begin PBXProject section */
		55D3D690271F61B60012EF46 /* Project object */ = {
			isa = PBXProject;
			attributes = {
				LastSwiftUpdateCheck = 1250;
				LastUpgradeCheck = 1250;
				TargetAttributes = {
					55D3D697271F61B60012EF46 = {
						CreatedOnToolsVersion = 12.5.1;
					};
				};
			};
			buildConfigurationList = 55D3D693271F61B60012EF46 /* Build configuration list for PBXProject "CurrencyExchangeApp" */;
			compatibilityVersion = "Xcode 9.3";
			developmentRegion = en;
			hasScannedForEncodings = 0;
			knownRegions = (
				en,
				Base,
			);
			mainGroup = 55D3D68F271F61B60012EF46;
			productRefGroup = 55D3D699271F61B60012EF46 /* Products */;
			projectDirPath = "";
			projectRoot = "";
			targets = (
				55D3D697271F61B60012EF46 /* CurrencyExchangeApp */,
			);
		};
/* End PBXProject section */

/* Begin PBXResourcesBuildPhase section */
		55D3D696271F61B60012EF46 /* Resources */ = {
			isa = PBXResourcesBuildPhase;
			buildActionMask = 2147483647;
			files = (
				55D3D6A8271F61B90012EF46 /* LaunchScreen.storyboard in Resources */,
				55D3D6A5271F61B90012EF46 /* Assets.xcassets in Resources */,
				55D3D6A3271F61B60012EF46 /* Main.storyboard in Resources */,
			);
			runOnlyForDeploymentPostprocessing = 0;
		};
/* End PBXResourcesBuildPhase section */

/* Begin PBXShellScriptBuildPhase section */
		ADC6E9930A428142E3BA7D8F /* [CP] Check Pods Manifest.lock */ = {
			isa = PBXShellScriptBuildPhase;
			buildActionMask = 2147483647;
			files = (
			);
			inputFileListPaths = (
			);
			inputPaths = (
				"${PODS_PODFILE_DIR_PATH}/Podfile.lock",
				"${PODS_ROOT}/Manifest.lock",
			);
			name = "[CP] Check Pods Manifest.lock";
			outputFileListPaths = (
			);
			outputPaths = (
				"$(DERIVED_FILE_DIR)/Pods-CurrencyExchangeApp-checkManifestLockResult.txt",
			);
			runOnlyForDeploymentPostprocessing = 0;
			shellPath = /bin/sh;
			shellScript = "diff \"${PODS_PODFILE_DIR_PATH}/Podfile.lock\" \"${PODS_ROOT}/Manifest.lock\" > /dev/null\nif [ $? != 0 ] ; then\n    # print error to STDERR\n    echo \"error: The sandbox is not in sync with the Podfile.lock. Run 'pod install' or update your CocoaPods installation.\" >&2\n    exit 1\nfi\n# This output is used by Xcode 'outputs' to avoid re-running this script phase.\necho \"SUCCESS\" > \"${SCRIPT_OUTPUT_FILE_0}\"\n";
			showEnvVarsInLog = 0;
		};
		B5AFFCB99D076015744AB6A3 /* [CP] Embed Pods Frameworks */ = {
			isa = PBXShellScriptBuildPhase;
			buildActionMask = 2147483647;
			files = (
			);
			inputFileListPaths = (
				"${PODS_ROOT}/Target Support Files/Pods-CurrencyExchangeApp/Pods-CurrencyExchangeApp-frameworks-${CONFIGURATION}-input-files.xcfilelist",
			);
			name = "[CP] Embed Pods Frameworks";
			outputFileListPaths = (
				"${PODS_ROOT}/Target Support Files/Pods-CurrencyExchangeApp/Pods-CurrencyExchangeApp-frameworks-${CONFIGURATION}-output-files.xcfilelist",
			);
			runOnlyForDeploymentPostprocessing = 0;
			shellPath = /bin/sh;
			shellScript = "\"${PODS_ROOT}/Target Support Files/Pods-CurrencyExchangeApp/Pods-CurrencyExchangeApp-frameworks.sh\"\n";
			showEnvVarsInLog = 0;
		};
/* End PBXShellScriptBuildPhase section */

/* Begin PBXSourcesBuildPhase section */
		55D3D694271F61B60012EF46 /* Sources */ = {
			isa = PBXSourcesBuildPhase;
			buildActionMask = 2147483647;
			files = (
				55D3D6A0271F61B60012EF46 /* ViewController.swift in Sources */,
				55D3D69C271F61B60012EF46 /* AppDelegate.swift in Sources */,
				55D3D69E271F61B60012EF46 /* SceneDelegate.swift in Sources */,
			);
			runOnlyForDeploymentPostprocessing = 0;
		};
/* End PBXSourcesBuildPhase section */

/* Begin PBXVariantGroup section */
		55D3D6A1271F61B60012EF46 /* Main.storyboard */ = {
			isa = PBXVariantGroup;
			children = (
				55D3D6A2271F61B60012EF46 /* Base */,
			);
			name = Main.storyboard;
			sourceTree = "<group>";
		};
		55D3D6A6271F61B90012EF46 /* LaunchScreen.storyboard */ = {
			isa = PBXVariantGroup;
			children = (
				55D3D6A7271F61B90012EF46 /* Base */,
			);
			name = LaunchScreen.storyboard;
			sourceTree = "<group>";
		};
/* End PBXVariantGroup section */

/* Begin XCBuildConfiguration section */
		55D3D6AA271F61B90012EF46 /* Debug */ = {
			isa = XCBuildConfiguration;
			baseConfigurationReference = 55F82653272397F8009E47B5 /* Config.xcconfig */;
			buildSettings = {
				ALWAYS_SEARCH_USER_PATHS = NO;
				CLANG_ANALYZER_NONNULL = YES;
				CLANG_ANALYZER_NUMBER_OBJECT_CONVERSION = YES_AGGRESSIVE;
				CLANG_CXX_LANGUAGE_STANDARD = "gnu++14";
				CLANG_CXX_LIBRARY = "libc++";
				CLANG_ENABLE_MODULES = YES;
				CLANG_ENABLE_OBJC_ARC = YES;
				CLANG_ENABLE_OBJC_WEAK = YES;
				CLANG_WARN_BLOCK_CAPTURE_AUTORELEASING = YES;
				CLANG_WARN_BOOL_CONVERSION = YES;
				CLANG_WARN_COMMA = YES;
				CLANG_WARN_CONSTANT_CONVERSION = YES;
				CLANG_WARN_DEPRECATED_OBJC_IMPLEMENTATIONS = YES;
				CLANG_WARN_DIRECT_OBJC_ISA_USAGE = YES_ERROR;
				CLANG_WARN_DOCUMENTATION_COMMENTS = YES;
				CLANG_WARN_EMPTY_BODY = YES;
				CLANG_WARN_ENUM_CONVERSION = YES;
				CLANG_WARN_INFINITE_RECURSION = YES;
				CLANG_WARN_INT_CONVERSION = YES;
				CLANG_WARN_NON_LITERAL_NULL_CONVERSION = YES;
				CLANG_WARN_OBJC_IMPLICIT_RETAIN_SELF = YES;
				CLANG_WARN_OBJC_LITERAL_CONVERSION = YES;
				CLANG_WARN_OBJC_ROOT_CLASS = YES_ERROR;
				CLANG_WARN_QUOTED_INCLUDE_IN_FRAMEWORK_HEADER = YES;
				CLANG_WARN_RANGE_LOOP_ANALYSIS = YES;
				CLANG_WARN_STRICT_PROTOTYPES = YES;
				CLANG_WARN_SUSPICIOUS_MOVE = YES;
				CLANG_WARN_UNGUARDED_AVAILABILITY = YES_AGGRESSIVE;
				CLANG_WARN_UNREACHABLE_CODE = YES;
				CLANG_WARN__DUPLICATE_METHOD_MATCH = YES;
				COPY_PHASE_STRIP = NO;
				DEBUG_INFORMATION_FORMAT = dwarf;
				ENABLE_STRICT_OBJC_MSGSEND = YES;
				ENABLE_TESTABILITY = YES;
				GCC_C_LANGUAGE_STANDARD = gnu11;
				GCC_DYNAMIC_NO_PIC = NO;
				GCC_NO_COMMON_BLOCKS = YES;
				GCC_OPTIMIZATION_LEVEL = 0;
				GCC_PREPROCESSOR_DEFINITIONS = (
					"DEBUG=1",
					"$(inherited)",
				);
				GCC_WARN_64_TO_32_BIT_CONVERSION = YES;
				GCC_WARN_ABOUT_RETURN_TYPE = YES_ERROR;
				GCC_WARN_UNDECLARED_SELECTOR = YES;
				GCC_WARN_UNINITIALIZED_AUTOS = YES_AGGRESSIVE;
				GCC_WARN_UNUSED_FUNCTION = YES;
				GCC_WARN_UNUSED_VARIABLE = YES;
				IPHONEOS_DEPLOYMENT_TARGET = 14.5;
				MTL_ENABLE_DEBUG_INFO = INCLUDE_SOURCE;
				MTL_FAST_MATH = YES;
				ONLY_ACTIVE_ARCH = YES;
				SDKROOT = iphoneos;
				SWIFT_ACTIVE_COMPILATION_CONDITIONS = DEBUG;
				SWIFT_OPTIMIZATION_LEVEL = "-Onone";
			};
			name = Debug;
		};
		55D3D6AB271F61B90012EF46 /* Release */ = {
			isa = XCBuildConfiguration;
			baseConfigurationReference = 55F82653272397F8009E47B5 /* Config.xcconfig */;
			buildSettings = {
				ALWAYS_SEARCH_USER_PATHS = NO;
				CLANG_ANALYZER_NONNULL = YES;
				CLANG_ANALYZER_NUMBER_OBJECT_CONVERSION = YES_AGGRESSIVE;
				CLANG_CXX_LANGUAGE_STANDARD = "gnu++14";
				CLANG_CXX_LIBRARY = "libc++";
				CLANG_ENABLE_MODULES = YES;
				CLANG_ENABLE_OBJC_ARC = YES;
				CLANG_ENABLE_OBJC_WEAK = YES;
				CLANG_WARN_BLOCK_CAPTURE_AUTORELEASING = YES;
				CLANG_WARN_BOOL_CONVERSION = YES;
				CLANG_WARN_COMMA = YES;
				CLANG_WARN_CONSTANT_CONVERSION = YES;
				CLANG_WARN_DEPRECATED_OBJC_IMPLEMENTATIONS = YES;
				CLANG_WARN_DIRECT_OBJC_ISA_USAGE = YES_ERROR;
				CLANG_WARN_DOCUMENTATION_COMMENTS = YES;
				CLANG_WARN_EMPTY_BODY = YES;
				CLANG_WARN_ENUM_CONVERSION = YES;
				CLANG_WARN_INFINITE_RECURSION = YES;
				CLANG_WARN_INT_CONVERSION = YES;
				CLANG_WARN_NON_LITERAL_NULL_CONVERSION = YES;
				CLANG_WARN_OBJC_IMPLICIT_RETAIN_SELF = YES;
				CLANG_WARN_OBJC_LITERAL_CONVERSION = YES;
				CLANG_WARN_OBJC_ROOT_CLASS = YES_ERROR;
				CLANG_WARN_QUOTED_INCLUDE_IN_FRAMEWORK_HEADER = YES;
				CLANG_WARN_RANGE_LOOP_ANALYSIS = YES;
				CLANG_WARN_STRICT_PROTOTYPES = YES;
				CLANG_WARN_SUSPICIOUS_MOVE = YES;
				CLANG_WARN_UNGUARDED_AVAILABILITY = YES_AGGRESSIVE;
				CLANG_WARN_UNREACHABLE_CODE = YES;
				CLANG_WARN__DUPLICATE_METHOD_MATCH = YES;
				COPY_PHASE_STRIP = NO;
				DEBUG_INFORMATION_FORMAT = "dwarf-with-dsym";
				ENABLE_NS_ASSERTIONS = NO;
				ENABLE_STRICT_OBJC_MSGSEND = YES;
				GCC_C_LANGUAGE_STANDARD = gnu11;
				GCC_NO_COMMON_BLOCKS = YES;
				GCC_WARN_64_TO_32_BIT_CONVERSION = YES;
				GCC_WARN_ABOUT_RETURN_TYPE = YES_ERROR;
				GCC_WARN_UNDECLARED_SELECTOR = YES;
				GCC_WARN_UNINITIALIZED_AUTOS = YES_AGGRESSIVE;
				GCC_WARN_UNUSED_FUNCTION = YES;
				GCC_WARN_UNUSED_VARIABLE = YES;
				IPHONEOS_DEPLOYMENT_TARGET = 14.5;
				MTL_ENABLE_DEBUG_INFO = NO;
				MTL_FAST_MATH = YES;
				SDKROOT = iphoneos;
				SWIFT_COMPILATION_MODE = wholemodule;
				SWIFT_OPTIMIZATION_LEVEL = "-O";
				VALIDATE_PRODUCT = YES;
			};
			name = Release;
		};
		55D3D6AD271F61B90012EF46 /* Debug */ = {
			isa = XCBuildConfiguration;
			baseConfigurationReference = AF2260D85DFAE6175A981C31 /* Pods-CurrencyExchangeApp.debug.xcconfig */;
			buildSettings = {
				ASSETCATALOG_COMPILER_APPICON_NAME = AppIcon;
				ASSETCATALOG_COMPILER_GLOBAL_ACCENT_COLOR_NAME = AccentColor;
				CODE_SIGN_STYLE = Automatic;
				INFOPLIST_FILE = CurrencyExchangeApp/Info.plist;
				LD_RUNPATH_SEARCH_PATHS = (
					"$(inherited)",
					"@executable_path/Frameworks",
				);
				PRODUCT_BUNDLE_IDENTIFIER = edu.northeastern.yanlei.CurrencyExchangeApp;
				PRODUCT_NAME = "$(TARGET_NAME)";
				SWIFT_VERSION = 5.0;
				TARGETED_DEVICE_FAMILY = "1,2";
			};
			name = Debug;
		};
		55D3D6AE271F61B90012EF46 /* Release */ = {
			isa = XCBuildConfiguration;
			baseConfigurationReference = C4828F6D583823F5E96DB90C /* Pods-CurrencyExchangeApp.release.xcconfig */;
			buildSettings = {
				ASSETCATALOG_COMPILER_APPICON_NAME = AppIcon;
				ASSETCATALOG_COMPILER_GLOBAL_ACCENT_COLOR_NAME = AccentColor;
				CODE_SIGN_STYLE = Automatic;
				INFOPLIST_FILE = CurrencyExchangeApp/Info.plist;
				LD_RUNPATH_SEARCH_PATHS = (
					"$(inherited)",
					"@executable_path/Frameworks",
				);
				PRODUCT_BUNDLE_IDENTIFIER = edu.northeastern.yanlei.CurrencyExchangeApp;
				PRODUCT_NAME = "$(TARGET_NAME)";
				SWIFT_VERSION = 5.0;
				TARGETED_DEVICE_FAMILY = "1,2";
			};
			name = Release;
		};
/* End XCBuildConfiguration section */

/* Begin XCConfigurationList section */
		55D3D693271F61B60012EF46 /* Build configuration list for PBXProject "CurrencyExchangeApp" */ = {
			isa = XCConfigurationList;
			buildConfigurations = (
				55D3D6AA271F61B90012EF46 /* Debug */,
				55D3D6AB271F61B90012EF46 /* Release */,
			);
			defaultConfigurationIsVisible = 0;
			defaultConfigurationName = Release;
		};
		55D3D6AC271F61B90012EF46 /* Build configuration list for PBXNativeTarget "CurrencyExchangeApp" */ = {
			isa = XCConfigurationList;
			buildConfigurations = (
				55D3D6AD271F61B90012EF46 /* Debug */,
				55D3D6AE271F61B90012EF46 /* Release */,
			);
			defaultConfigurationIsVisible = 0;
			defaultConfigurationName = Release;
		};
/* End XCConfigurationList section */
	};
	rootObject = 55D3D690271F61B60012EF46 /* Project object */;
}
